// !$*UTF8*$!
{
	archiveVersion = 1;
	classes = {
	};
	objectVersion = 77;
	objects = {

/* Begin PBXBuildFile section */
		3A6DAF752E0EBE0900538D3E /* iPhone15.png in Resources */ = {isa = PBXBuildFile; fileRef = 3A6DAF742E0EBE0900538D3E /* iPhone15.png */; };
		3A6DAF7B2E0EC01500538D3E /* README.md in Resources */ = {isa = PBXBuildFile; fileRef = 3A6DAF7A2E0EC01500538D3E /* README.md */; };
/* End PBXBuildFile section */

/* Begin PBXContainerItemProxy section */
		3A6DAF172E0BB20D00538D3E /* PBXContainerItemProxy */ = {
			isa = PBXContainerItemProxy;
			containerPortal = 3A6DAEF82E0BB20A00538D3E /* Project object */;
			proxyType = 1;
			remoteGlobalIDString = 3A6DAEFF2E0BB20A00538D3E;
			remoteInfo = qrCodeView;
		};
		3A6DAF212E0BB20D00538D3E /* PBXContainerItemProxy */ = {
			isa = PBXContainerItemProxy;
			containerPortal = 3A6DAEF82E0BB20A00538D3E /* Project object */;
			proxyType = 1;
			remoteGlobalIDString = 3A6DAEFF2E0BB20A00538D3E;
			remoteInfo = qrCodeView;
		};
/* End PBXContainerItemProxy section */

/* Begin PBXFileReference section */
		3A6DAF002E0BB20A00538D3E /* qrCodeView.app */ = {isa = PBXFileReference; explicitFileType = wrapper.application; includeInIndex = 0; path = qrCodeView.app; sourceTree = BUILT_PRODUCTS_DIR; };
		3A6DAF162E0BB20D00538D3E /* qrCodeViewTests.xctest */ = {isa = PBXFileReference; explicitFileType = wrapper.cfbundle; includeInIndex = 0; path = qrCodeViewTests.xctest; sourceTree = BUILT_PRODUCTS_DIR; };
		3A6DAF202E0BB20D00538D3E /* qrCodeViewUITests.xctest */ = {isa = PBXFileReference; explicitFileType = wrapper.cfbundle; includeInIndex = 0; path = qrCodeViewUITests.xctest; sourceTree = BUILT_PRODUCTS_DIR; };
		3A6DAF742E0EBE0900538D3E /* iPhone15.png */ = {isa = PBXFileReference; lastKnownFileType = image.png; path = iPhone15.png; sourceTree = "<group>"; };
		3A6DAF7A2E0EC01500538D3E /* README.md */ = {isa = PBXFileReference; lastKnownFileType = net.daringfireball.markdown; path = README.md; sourceTree = "<group>"; };
/* End PBXFileReference section */

/* Begin PBXFileSystemSynchronizedBuildFileExceptionSet section */
		3A6DAF282E0BB20D00538D3E /* Exceptions for "qrCodeView" folder in "qrCodeView" target */ = {
			isa = PBXFileSystemSynchronizedBuildFileExceptionSet;
			membershipExceptions = (
				Info.plist,
			);
			target = 3A6DAEFF2E0BB20A00538D3E /* qrCodeView */;
		};
/* End PBXFileSystemSynchronizedBuildFileExceptionSet section */

/* Begin PBXFileSystemSynchronizedRootGroup section */
		3A6DAF022E0BB20A00538D3E /* qrCodeView */ = {
			isa = PBXFileSystemSynchronizedRootGroup;
			exceptions = (
				3A6DAF282E0BB20D00538D3E /* Exceptions for "qrCodeView" folder in "qrCodeView" target */,
			);
			path = qrCodeView;
			sourceTree = "<group>";
		};
		3A6DAF192E0BB20D00538D3E /* qrCodeViewTests */ = {
			isa = PBXFileSystemSynchronizedRootGroup;
			path = qrCodeViewTests;
			sourceTree = "<group>";
		};
		3A6DAF232E0BB20D00538D3E /* qrCodeViewUITests */ = {
			isa = PBXFileSystemSynchronizedRootGroup;
			path = qrCodeViewUITests;
			sourceTree = "<group>";
		};
/* End PBXFileSystemSynchronizedRootGroup section */

/* Begin PBXFrameworksBuildPhase section */
		3A6DAEFD2E0BB20A00538D3E /* Frameworks */ = {
			isa = PBXFrameworksBuildPhase;
			buildActionMask = 2147483647;
			files = (
			);
			runOnlyForDeploymentPostprocessing = 0;
		};
		3A6DAF132E0BB20D00538D3E /* Frameworks */ = {
			isa = PBXFrameworksBuildPhase;
			buildActionMask = 2147483647;
			files = (
			);
			runOnlyForDeploymentPostprocessing = 0;
		};
		3A6DAF1D2E0BB20D00538D3E /* Frameworks */ = {
			isa = PBXFrameworksBuildPhase;
			buildActionMask = 2147483647;
			files = (
			);
			runOnlyForDeploymentPostprocessing = 0;
		};
/* End PBXFrameworksBuildPhase section */

/* Begin PBXGroup section */
		3A6DAEF72E0BB20A00538D3E = {
			isa = PBXGroup;
			children = (
				3A6DAF742E0EBE0900538D3E /* iPhone15.png */,
				3A6DAF7A2E0EC01500538D3E /* README.md */,
				3A6DAF022E0BB20A00538D3E /* qrCodeView */,
				3A6DAF192E0BB20D00538D3E /* qrCodeViewTests */,
				3A6DAF232E0BB20D00538D3E /* qrCodeViewUITests */,
				3A6DAF012E0BB20A00538D3E /* Products */,
			);
			sourceTree = "<group>";
		};
		3A6DAF012E0BB20A00538D3E /* Products */ = {
			isa = PBXGroup;
			children = (
				3A6DAF002E0BB20A00538D3E /* qrCodeView.app */,
				3A6DAF162E0BB20D00538D3E /* qrCodeViewTests.xctest */,
				3A6DAF202E0BB20D00538D3E /* qrCodeViewUITests.xctest */,
			);
			name = Products;
			sourceTree = "<group>";
		};
/* End PBXGroup section */

/* Begin PBXNativeTarget section */
		3A6DAEFF2E0BB20A00538D3E /* qrCodeView */ = {
			isa = PBXNativeTarget;
			buildConfigurationList = 3A6DAF292E0BB20D00538D3E /* Build configuration list for PBXNativeTarget "qrCodeView" */;
			buildPhases = (
				3A6DAEFC2E0BB20A00538D3E /* Sources */,
				3A6DAEFD2E0BB20A00538D3E /* Frameworks */,
				3A6DAEFE2E0BB20A00538D3E /* Resources */,
			);
			buildRules = (
			);
			dependencies = (
			);
			fileSystemSynchronizedGroups = (
				3A6DAF022E0BB20A00538D3E /* qrCodeView */,
			);
			name = qrCodeView;
			packageProductDependencies = (
			);
			productName = qrCodeView;
			productReference = 3A6DAF002E0BB20A00538D3E /* qrCodeView.app */;
			productType = "com.apple.product-type.application";
		};
		3A6DAF152E0BB20D00538D3E /* qrCodeViewTests */ = {
			isa = PBXNativeTarget;
			buildConfigurationList = 3A6DAF2E2E0BB20D00538D3E /* Build configuration list for PBXNativeTarget "qrCodeViewTests" */;
			buildPhases = (
				3A6DAF122E0BB20D00538D3E /* Sources */,
				3A6DAF132E0BB20D00538D3E /* Frameworks */,
				3A6DAF142E0BB20D00538D3E /* Resources */,
			);
			buildRules = (
			);
			dependencies = (
				3A6DAF182E0BB20D00538D3E /* PBXTargetDependency */,
			);
			fileSystemSynchronizedGroups = (
				3A6DAF192E0BB20D00538D3E /* qrCodeViewTests */,
			);
			name = qrCodeViewTests;
			packageProductDependencies = (
			);
			productName = qrCodeViewTests;
			productReference = 3A6DAF162E0BB20D00538D3E /* qrCodeViewTests.xctest */;
			productType = "com.apple.product-type.bundle.unit-test";
		};
		3A6DAF1F2E0BB20D00538D3E /* qrCodeViewUITests */ = {
			isa = PBXNativeTarget;
			buildConfigurationList = 3A6DAF312E0BB20D00538D3E /* Build configuration list for PBXNativeTarget "qrCodeViewUITests" */;
			buildPhases = (
				3A6DAF1C2E0BB20D00538D3E /* Sources */,
				3A6DAF1D2E0BB20D00538D3E /* Frameworks */,
				3A6DAF1E2E0BB20D00538D3E /* Resources */,
			);
			buildRules = (
			);
			dependencies = (
				3A6DAF222E0BB20D00538D3E /* PBXTargetDependency */,
			);
			fileSystemSynchronizedGroups = (
				3A6DAF232E0BB20D00538D3E /* qrCodeViewUITests */,
			);
			name = qrCodeViewUITests;
			packageProductDependencies = (
			);
			productName = qrCodeViewUITests;
			productReference = 3A6DAF202E0BB20D00538D3E /* qrCodeViewUITests.xctest */;
			productType = "com.apple.product-type.bundle.ui-testing";
		};
/* End PBXNativeTarget section */

/* Begin PBXProject section */
		3A6DAEF82E0BB20A00538D3E /* Project object */ = {
			isa = PBXProject;
			attributes = {
				BuildIndependentTargetsInParallel = 1;
				LastSwiftUpdateCheck = 1610;
				LastUpgradeCheck = 1610;
				TargetAttributes = {
					3A6DAEFF2E0BB20A00538D3E = {
						CreatedOnToolsVersion = 16.1;
					};
					3A6DAF152E0BB20D00538D3E = {
						CreatedOnToolsVersion = 16.1;
						TestTargetID = 3A6DAEFF2E0BB20A00538D3E;
					};
					3A6DAF1F2E0BB20D00538D3E = {
						CreatedOnToolsVersion = 16.1;
						TestTargetID = 3A6DAEFF2E0BB20A00538D3E;
					};
				};
			};
			buildConfigurationList = 3A6DAEFB2E0BB20A00538D3E /* Build configuration list for PBXProject "qrCodeView" */;
			developmentRegion = en;
			hasScannedForEncodings = 0;
			knownRegions = (
				en,
				Base,
			);
			mainGroup = 3A6DAEF72E0BB20A00538D3E;
			minimizedProjectReferenceProxies = 1;
			preferredProjectObjectVersion = 77;
			productRefGroup = 3A6DAF012E0BB20A00538D3E /* Products */;
			projectDirPath = "";
			projectRoot = "";
			targets = (
				3A6DAEFF2E0BB20A00538D3E /* qrCodeView */,
				3A6DAF152E0BB20D00538D3E /* qrCodeViewTests */,
				3A6DAF1F2E0BB20D00538D3E /* qrCodeViewUITests */,
			);
		};
/* End PBXProject section */

/* Begin PBXResourcesBuildPhase section */
		3A6DAEFE2E0BB20A00538D3E /* Resources */ = {
			isa = PBXResourcesBuildPhase;
			buildActionMask = 2147483647;
			files = (
				3A6DAF752E0EBE0900538D3E /* iPhone15.png in Resources */,
				3A6DAF7B2E0EC01500538D3E /* README.md in Resources */,
			);
			runOnlyForDeploymentPostprocessing = 0;
		};
		3A6DAF142E0BB20D00538D3E /* Resources */ = {
			isa = PBXResourcesBuildPhase;
			buildActionMask = 2147483647;
			files = (
			);
			runOnlyForDeploymentPostprocessing = 0;
		};
		3A6DAF1E2E0BB20D00538D3E /* Resources */ = {
			isa = PBXResourcesBuildPhase;
			buildActionMask = 2147483647;
			files = (
			);
			runOnlyForDeploymentPostprocessing = 0;
		};
/* End PBXResourcesBuildPhase section */

/* Begin PBXSourcesBuildPhase section */
		3A6DAEFC2E0BB20A00538D3E /* Sources */ = {
			isa = PBXSourcesBuildPhase;
			buildActionMask = 2147483647;
			files = (
			);
			runOnlyForDeploymentPostprocessing = 0;
		};
		3A6DAF122E0BB20D00538D3E /* Sources */ = {
			isa = PBXSourcesBuildPhase;
			buildActionMask = 2147483647;
			files = (
			);
			runOnlyForDeploymentPostprocessing = 0;
		};
		3A6DAF1C2E0BB20D00538D3E /* Sources */ = {
			isa = PBXSourcesBuildPhase;
			buildActionMask = 2147483647;
			files = (
			);
			runOnlyForDeploymentPostprocessing = 0;
		};
/* End PBXSourcesBuildPhase section */

/* Begin PBXTargetDependency section */
		3A6DAF182E0BB20D00538D3E /* PBXTargetDependency */ = {
			isa = PBXTargetDependency;
			target = 3A6DAEFF2E0BB20A00538D3E /* qrCodeView */;
			targetProxy = 3A6DAF172E0BB20D00538D3E /* PBXContainerItemProxy */;
		};
		3A6DAF222E0BB20D00538D3E /* PBXTargetDependency */ = {
			isa = PBXTargetDependency;
			target = 3A6DAEFF2E0BB20A00538D3E /* qrCodeView */;
			targetProxy = 3A6DAF212E0BB20D00538D3E /* PBXContainerItemProxy */;
		};
/* End PBXTargetDependency section */

/* Begin XCBuildConfiguration section */
		3A6DAF2A2E0BB20D00538D3E /* Debug */ = {
			isa = XCBuildConfiguration;
			buildSettings = {
				ASSETCATALOG_COMPILER_APPICON_NAME = AppIcon;
				ASSETCATALOG_COMPILER_GLOBAL_ACCENT_COLOR_NAME = AccentColor;
				CODE_SIGN_STYLE = Automatic;
				CURRENT_PROJECT_VERSION = 1;
				DEVELOPMENT_TEAM = LWU8V4B258;
				GENERATE_INFOPLIST_FILE = YES;
				INFOPLIST_FILE = qrCodeView/Info.plist;
				INFOPLIST_KEY_UIApplicationSupportsIndirectInputEvents = YES;
				INFOPLIST_KEY_UILaunchStoryboardName = LaunchScreen;
				INFOPLIST_KEY_UIMainStoryboardFile = Main;
				INFOPLIST_KEY_UISupportedInterfaceOrientations_iPad = "UIInterfaceOrientationPortrait UIInterfaceOrientationPortraitUpsideDown UIInterfaceOrientationLandscapeLeft UIInterfaceOrientationLandscapeRight";
				INFOPLIST_KEY_UISupportedInterfaceOrientations_iPhone = "UIInterfaceOrientationPortrait UIInterfaceOrientationLandscapeLeft UIInterfaceOrientationLandscapeRight";
				IPHONEOS_DEPLOYMENT_TARGET = 15.6;
				LD_RUNPATH_SEARCH_PATHS = (
					"$(inherited)",
					"@executable_path/Frameworks",
				);
				MARKETING_VERSION = 1.0;
				PRODUCT_BUNDLE_IDENTIFIER = com.qrCodeView;
				PRODUCT_NAME = "$(TARGET_NAME)";
				SWIFT_EMIT_LOC_STRINGS = YES;
				SWIFT_VERSION = 5.0;
				TARGETED_DEVICE_FAMILY = "1,2";
			};
			name = Debug;
		};
		3A6DAF2B2E0BB20D00538D3E /* Release */ = {
			isa = XCBuildConfiguration;
			buildSettings = {
				ASSETCATALOG_COMPILER_APPICON_NAME = AppIcon;
				ASSETCATALOG_COMPILER_GLOBAL_ACCENT_COLOR_NAME = AccentColor;
				CODE_SIGN_STYLE = Automatic;
				CURRENT_PROJECT_VERSION = 1;
				DEVELOPMENT_TEAM = LWU8V4B258;
				GENERATE_INFOPLIST_FILE = YES;
				INFOPLIST_FILE = qrCodeView/Info.plist;
				INFOPLIST_KEY_UIApplicationSupportsIndirectInputEvents = YES;
				INFOPLIST_KEY_UILaunchStoryboardName = LaunchScreen;
				INFOPLIST_KEY_UIMainStoryboardFile = Main;
				INFOPLIST_KEY_UISupportedInterfaceOrientations_iPad = "UIInterfaceOrientationPortrait UIInterfaceOrientationPortraitUpsideDown UIInterfaceOrientationLandscapeLeft UIInterfaceOrientationLandscapeRight";
				INFOPLIST_KEY_UISupportedInterfaceOrientations_iPhone = "UIInterfaceOrientationPortrait UIInterfaceOrientationLandscapeLeft UIInterfaceOrientationLandscapeRight";
				IPHONEOS_DEPLOYMENT_TARGET = 15.6;
				LD_RUNPATH_SEARCH_PATHS = (
					"$(inherited)",
					"@executable_path/Frameworks",
				);
				MARKETING_VERSION = 1.0;
				PRODUCT_BUNDLE_IDENTIFIER = com.qrCodeView;
				PRODUCT_NAME = "$(TARGET_NAME)";
				SWIFT_EMIT_LOC_STRINGS = YES;
				SWIFT_VERSION = 5.0;
				TARGETED_DEVICE_FAMILY = "1,2";
			};
			name = Release;
		};
		3A6DAF2C2E0BB20D00538D3E /* Debug */ = {
			isa = XCBuildConfiguration;
			buildSettings = {
				ALWAYS_SEARCH_USER_PATHS = NO;
				ASSETCATALOG_COMPILER_GENERATE_SWIFT_ASSET_SYMBOL_EXTENSIONS = YES;
				CLANG_ANALYZER_NONNULL = YES;
				CLANG_ANALYZER_NUMBER_OBJECT_CONVERSION = YES_AGGRESSIVE;
				CLANG_CXX_LANGUAGE_STANDARD = "gnu++20";
				CLANG_ENABLE_MODULES = YES;
				CLANG_ENABLE_OBJC_ARC = YES;
				CLANG_ENABLE_OBJC_WEAK = YES;
				CLANG_WARN_BLOCK_CAPTURE_AUTORELEASING = YES;
				CLANG_WARN_BOOL_CONVERSION = YES;
				CLANG_WARN_COMMA = YES;
				CLANG_WARN_CONSTANT_CONVERSION = YES;
				CLANG_WARN_DEPRECATED_OBJC_IMPLEMENTATIONS = YES;
				CLANG_WARN_DIRECT_OBJC_ISA_USAGE = YES_ERROR;
				CLANG_WARN_DOCUMENTATION_COMMENTS = YES;
				CLANG_WARN_EMPTY_BODY = YES;
				CLANG_WARN_ENUM_CONVERSION = YES;
				CLANG_WARN_INFINITE_RECURSION = YES;
				CLANG_WARN_INT_CONVERSION = YES;
				CLANG_WARN_NON_LITERAL_NULL_CONVERSION = YES;
				CLANG_WARN_OBJC_IMPLICIT_RETAIN_SELF = YES;
				CLANG_WARN_OBJC_LITERAL_CONVERSION = YES;
				CLANG_WARN_OBJC_ROOT_CLASS = YES_ERROR;
				CLANG_WARN_QUOTED_INCLUDE_IN_FRAMEWORK_HEADER = YES;
				CLANG_WARN_RANGE_LOOP_ANALYSIS = YES;
				CLANG_WARN_STRICT_PROTOTYPES = YES;
				CLANG_WARN_SUSPICIOUS_MOVE = YES;
				CLANG_WARN_UNGUARDED_AVAILABILITY = YES_AGGRESSIVE;
				CLANG_WARN_UNREACHABLE_CODE = YES;
				CLANG_WARN__DUPLICATE_METHOD_MATCH = YES;
				COPY_PHASE_STRIP = NO;
				DEBUG_INFORMATION_FORMAT = dwarf;
				ENABLE_STRICT_OBJC_MSGSEND = YES;
				ENABLE_TESTABILITY = YES;
				ENABLE_USER_SCRIPT_SANDBOXING = YES;
				GCC_C_LANGUAGE_STANDARD = gnu17;
				GCC_DYNAMIC_NO_PIC = NO;
				GCC_NO_COMMON_BLOCKS = YES;
				GCC_OPTIMIZATION_LEVEL = 0;
				GCC_PREPROCESSOR_DEFINITIONS = (
					"DEBUG=1",
					"$(inherited)",
				);
				GCC_WARN_64_TO_32_BIT_CONVERSION = YES;
				GCC_WARN_ABOUT_RETURN_TYPE = YES_ERROR;
				GCC_WARN_UNDECLARED_SELECTOR = YES;
				GCC_WARN_UNINITIALIZED_AUTOS = YES_AGGRESSIVE;
				GCC_WARN_UNUSED_FUNCTION = YES;
				GCC_WARN_UNUSED_VARIABLE = YES;
				IPHONEOS_DEPLOYMENT_TARGET = 18.1;
				LOCALIZATION_PREFERS_STRING_CATALOGS = YES;
				MTL_ENABLE_DEBUG_INFO = INCLUDE_SOURCE;
				MTL_FAST_MATH = YES;
				ONLY_ACTIVE_ARCH = YES;
				SDKROOT = iphoneos;
				SWIFT_ACTIVE_COMPILATION_CONDITIONS = "DEBUG $(inherited)";
				SWIFT_OPTIMIZATION_LEVEL = "-Onone";
			};
			name = Debug;
		};
		3A6DAF2D2E0BB20D00538D3E /* Release */ = {
			isa = XCBuildConfiguration;
			buildSettings = {
				ALWAYS_SEARCH_USER_PATHS = NO;
				ASSETCATALOG_COMPILER_GENERATE_SWIFT_ASSET_SYMBOL_EXTENSIONS = YES;
				CLANG_ANALYZER_NONNULL = YES;
				CLANG_ANALYZER_NUMBER_OBJECT_CONVERSION = YES_AGGRESSIVE;
				CLANG_CXX_LANGUAGE_STANDARD = "gnu++20";
				CLANG_ENABLE_MODULES = YES;
				CLANG_ENABLE_OBJC_ARC = YES;
				CLANG_ENABLE_OBJC_WEAK = YES;
				CLANG_WARN_BLOCK_CAPTURE_AUTORELEASING = YES;
				CLANG_WARN_BOOL_CONVERSION = YES;
				CLANG_WARN_COMMA = YES;
				CLANG_WARN_CONSTANT_CONVERSION = YES;
				CLANG_WARN_DEPRECATED_OBJC_IMPLEMENTATIONS = YES;
				CLANG_WARN_DIRECT_OBJC_ISA_USAGE = YES_ERROR;
				CLANG_WARN_DOCUMENTATION_COMMENTS = YES;
				CLANG_WARN_EMPTY_BODY = YES;
				CLANG_WARN_ENUM_CONVERSION = YES;
				CLANG_WARN_INFINITE_RECURSION = YES;
				CLANG_WARN_INT_CONVERSION = YES;
				CLANG_WARN_NON_LITERAL_NULL_CONVERSION = YES;
				CLANG_WARN_OBJC_IMPLICIT_RETAIN_SELF = YES;
				CLANG_WARN_OBJC_LITERAL_CONVERSION = YES;
				CLANG_WARN_OBJC_ROOT_CLASS = YES_ERROR;
				CLANG_WARN_QUOTED_INCLUDE_IN_FRAMEWORK_HEADER = YES;
				CLANG_WARN_RANGE_LOOP_ANALYSIS = YES;
				CLANG_WARN_STRICT_PROTOTYPES = YES;
				CLANG_WARN_SUSPICIOUS_MOVE = YES;
				CLANG_WARN_UNGUARDED_AVAILABILITY = YES_AGGRESSIVE;
				CLANG_WARN_UNREACHABLE_CODE = YES;
				CLANG_WARN__DUPLICATE_METHOD_MATCH = YES;
				COPY_PHASE_STRIP = NO;
				DEBUG_INFORMATION_FORMAT = "dwarf-with-dsym";
				ENABLE_NS_ASSERTIONS = NO;
				ENABLE_STRICT_OBJC_MSGSEND = YES;
				ENABLE_USER_SCRIPT_SANDBOXING = YES;
				GCC_C_LANGUAGE_STANDARD = gnu17;
				GCC_NO_COMMON_BLOCKS = YES;
				GCC_WARN_64_TO_32_BIT_CONVERSION = YES;
				GCC_WARN_ABOUT_RETURN_TYPE = YES_ERROR;
				GCC_WARN_UNDECLARED_SELECTOR = YES;
				GCC_WARN_UNINITIALIZED_AUTOS = YES_AGGRESSIVE;
				GCC_WARN_UNUSED_FUNCTION = YES;
				GCC_WARN_UNUSED_VARIABLE = YES;
				IPHONEOS_DEPLOYMENT_TARGET = 18.1;
				LOCALIZATION_PREFERS_STRING_CATALOGS = YES;
				MTL_ENABLE_DEBUG_INFO = NO;
				MTL_FAST_MATH = YES;
				SDKROOT = iphoneos;
				SWIFT_COMPILATION_MODE = wholemodule;
				VALIDATE_PRODUCT = YES;
			};
			name = Release;
		};
		3A6DAF2F2E0BB20D00538D3E /* Debug */ = {
			isa = XCBuildConfiguration;
			buildSettings = {
				BUNDLE_LOADER = "$(TEST_HOST)";
				CODE_SIGN_STYLE = Automatic;
				CURRENT_PROJECT_VERSION = 1;
				DEVELOPMENT_TEAM = LWU8V4B258;
				GENERATE_INFOPLIST_FILE = YES;
				IPHONEOS_DEPLOYMENT_TARGET = 18.1;
				MARKETING_VERSION = 1.0;
				PRODUCT_BUNDLE_IDENTIFIER = com.qrCodeViewTests;
				PRODUCT_NAME = "$(TARGET_NAME)";
				SWIFT_EMIT_LOC_STRINGS = NO;
				SWIFT_VERSION = 5.0;
				TARGETED_DEVICE_FAMILY = "1,2";
				TEST_HOST = "$(BUILT_PRODUCTS_DIR)/qrCodeView.app/$(BUNDLE_EXECUTABLE_FOLDER_PATH)/qrCodeView";
			};
			name = Debug;
		};
		3A6DAF302E0BB20D00538D3E /* Release */ = {
			isa = XCBuildConfiguration;
			buildSettings = {
				BUNDLE_LOADER = "$(TEST_HOST)";
				CODE_SIGN_STYLE = Automatic;
				CURRENT_PROJECT_VERSION = 1;
				DEVELOPMENT_TEAM = LWU8V4B258;
				GENERATE_INFOPLIST_FILE = YES;
				IPHONEOS_DEPLOYMENT_TARGET = 18.1;
				MARKETING_VERSION = 1.0;
				PRODUCT_BUNDLE_IDENTIFIER = com.qrCodeViewTests;
				PRODUCT_NAME = "$(TARGET_NAME)";
				SWIFT_EMIT_LOC_STRINGS = NO;
				SWIFT_VERSION = 5.0;
				TARGETED_DEVICE_FAMILY = "1,2";
				TEST_HOST = "$(BUILT_PRODUCTS_DIR)/qrCodeView.app/$(BUNDLE_EXECUTABLE_FOLDER_PATH)/qrCodeView";
			};
			name = Release;
		};
		3A6DAF322E0BB20D00538D3E /* Debug */ = {
			isa = XCBuildConfiguration;
			buildSettings = {
				CODE_SIGN_STYLE = Automatic;
				CURRENT_PROJECT_VERSION = 1;
				DEVELOPMENT_TEAM = LWU8V4B258;
				GENERATE_INFOPLIST_FILE = YES;
				MARKETING_VERSION = 1.0;
				PRODUCT_BUNDLE_IDENTIFIER = com.qrCodeViewUITests;
				PRODUCT_NAME = "$(TARGET_NAME)";
				SWIFT_EMIT_LOC_STRINGS = NO;
				SWIFT_VERSION = 5.0;
				TARGETED_DEVICE_FAMILY = "1,2";
				TEST_TARGET_NAME = qrCodeView;
			};
			name = Debug;
		};
		3A6DAF332E0BB20D00538D3E /* Release */ = {
			isa = XCBuildConfiguration;
			buildSettings = {
				CODE_SIGN_STYLE = Automatic;
				CURRENT_PROJECT_VERSION = 1;
				DEVELOPMENT_TEAM = LWU8V4B258;
				GENERATE_INFOPLIST_FILE = YES;
				MARKETING_VERSION = 1.0;
				PRODUCT_BUNDLE_IDENTIFIER = com.qrCodeViewUITests;
				PRODUCT_NAME = "$(TARGET_NAME)";
				SWIFT_EMIT_LOC_STRINGS = NO;
				SWIFT_VERSION = 5.0;
				TARGETED_DEVICE_FAMILY = "1,2";
				TEST_TARGET_NAME = qrCodeView;
			};
			name = Release;
		};
/* End XCBuildConfiguration section */

/* Begin XCConfigurationList section */
		3A6DAEFB2E0BB20A00538D3E /* Build configuration list for PBXProject "qrCodeView" */ = {
			isa = XCConfigurationList;
			buildConfigurations = (
				3A6DAF2C2E0BB20D00538D3E /* Debug */,
				3A6DAF2D2E0BB20D00538D3E /* Release */,
			);
			defaultConfigurationIsVisible = 0;
			defaultConfigurationName = Release;
		};
		3A6DAF292E0BB20D00538D3E /* Build configuration list for PBXNativeTarget "qrCodeView" */ = {
			isa = XCConfigurationList;
			buildConfigurations = (
				3A6DAF2A2E0BB20D00538D3E /* Debug */,
				3A6DAF2B2E0BB20D00538D3E /* Release */,
			);
			defaultConfigurationIsVisible = 0;
			defaultConfigurationName = Release;
		};
		3A6DAF2E2E0BB20D00538D3E /* Build configuration list for PBXNativeTarget "qrCodeViewTests" */ = {
			isa = XCConfigurationList;
			buildConfigurations = (
				3A6DAF2F2E0BB20D00538D3E /* Debug */,
				3A6DAF302E0BB20D00538D3E /* Release */,
			);
			defaultConfigurationIsVisible = 0;
			defaultConfigurationName = Release;
		};
		3A6DAF312E0BB20D00538D3E /* Build configuration list for PBXNativeTarget "qrCodeViewUITests" */ = {
			isa = XCConfigurationList;
			buildConfigurations = (
				3A6DAF322E0BB20D00538D3E /* Debug */,
				3A6DAF332E0BB20D00538D3E /* Release */,
			);
			defaultConfigurationIsVisible = 0;
			defaultConfigurationName = Release;
		};
/* End XCConfigurationList section */
	};
	rootObject = 3A6DAEF82E0BB20A00538D3E /* Project object */;
}
